// !$*UTF8*$!
{
	archiveVersion = 1;
	classes = {
	};
	objectVersion = 56;
	objects = {

/* Begin PBXBuildFile section */
		7841E6FF29192C1200BF15C9 /* AuthService.swift in Sources */ = {isa = PBXBuildFile; fileRef = 7841E6FE29192C1200BF15C9 /* AuthService.swift */; };
		7841E70129192F1D00BF15C9 /* EditReviewPresenter.swift in Sources */ = {isa = PBXBuildFile; fileRef = 7841E70029192F1D00BF15C9 /* EditReviewPresenter.swift */; };
		7841E70329192FB800BF15C9 /* EditReviewOutput.swift in Sources */ = {isa = PBXBuildFile; fileRef = 7841E70229192FB800BF15C9 /* EditReviewOutput.swift */; };
		7841E70529192FE700BF15C9 /* EditReviewInput.swift in Sources */ = {isa = PBXBuildFile; fileRef = 7841E70429192FE700BF15C9 /* EditReviewInput.swift */; };
		784D36F429029DD90001AC14 /* ViewListReviews.xib in Resources */ = {isa = PBXBuildFile; fileRef = 784D36F329029DD90001AC14 /* ViewListReviews.xib */; };
		7873B03328F85155003C9673 /* String+Ext.swift in Sources */ = {isa = PBXBuildFile; fileRef = 7873B03228F85155003C9673 /* String+Ext.swift */; };
		787452D528EEE8F600356591 /* AppDelegate.swift in Sources */ = {isa = PBXBuildFile; fileRef = 787452D428EEE8F600356591 /* AppDelegate.swift */; };
		787452D728EEE8F600356591 /* SceneDelegate.swift in Sources */ = {isa = PBXBuildFile; fileRef = 787452D628EEE8F600356591 /* SceneDelegate.swift */; };
		787452D928EEE8F600356591 /* AuthViewController.swift in Sources */ = {isa = PBXBuildFile; fileRef = 787452D828EEE8F600356591 /* AuthViewController.swift */; };
		787452DC28EEE8F600356591 /* Auth.storyboard in Resources */ = {isa = PBXBuildFile; fileRef = 787452DA28EEE8F600356591 /* Auth.storyboard */; };
		787452DE28EEE8F800356591 /* Assets.xcassets in Resources */ = {isa = PBXBuildFile; fileRef = 787452DD28EEE8F800356591 /* Assets.xcassets */; };
		787452E128EEE8F800356591 /* LaunchScreen.storyboard in Resources */ = {isa = PBXBuildFile; fileRef = 787452DF28EEE8F800356591 /* LaunchScreen.storyboard */; };
		78754FAB28F5A3110031D2EF /* AuthViewPresenter.swift in Sources */ = {isa = PBXBuildFile; fileRef = 78754FAA28F5A3110031D2EF /* AuthViewPresenter.swift */; };
		78754FAF28F5A4220031D2EF /* AuthViewInput.swift in Sources */ = {isa = PBXBuildFile; fileRef = 78754FAE28F5A4220031D2EF /* AuthViewInput.swift */; };
		78754FB128F5A4410031D2EF /* AuthViewOutput.swift in Sources */ = {isa = PBXBuildFile; fileRef = 78754FB028F5A4410031D2EF /* AuthViewOutput.swift */; };
		7875DEA0290667D300847920 /* ListReviewsPresenter.swift in Sources */ = {isa = PBXBuildFile; fileRef = 7875DE9F290667D300847920 /* ListReviewsPresenter.swift */; };
		7875DEA22906685A00847920 /* ListReviewsInput.swift in Sources */ = {isa = PBXBuildFile; fileRef = 7875DEA12906685A00847920 /* ListReviewsInput.swift */; };
		7875DEA42906687000847920 /* ListReviewsOutput.swift in Sources */ = {isa = PBXBuildFile; fileRef = 7875DEA32906687000847920 /* ListReviewsOutput.swift */; };
		7877D8F029014CFE004BACDA /* User.swift in Sources */ = {isa = PBXBuildFile; fileRef = 7877D8EF29014CFE004BACDA /* User.swift */; };
		787914032902749C00784F35 /* ListReviewsController.swift in Sources */ = {isa = PBXBuildFile; fileRef = 787914022902749C00784F35 /* ListReviewsController.swift */; };
		7879F57129221846008C87FA /* CoreData.framework in Frameworks */ = {isa = PBXBuildFile; fileRef = 7879F57029221846008C87FA /* CoreData.framework */; };
		7879F5AD29223EFA008C87FA /* ReviewDB.xcdatamodeld in Sources */ = {isa = PBXBuildFile; fileRef = 7879F5AB29223EFA008C87FA /* ReviewDB.xcdatamodeld */; };
		7879F5C829224AF7008C87FA /* ReviewDB+CoreDataClass.swift in Sources */ = {isa = PBXBuildFile; fileRef = 7879F5C629224AF7008C87FA /* ReviewDB+CoreDataClass.swift */; };
		7879F5C929224AF7008C87FA /* ReviewDB+CoreDataProperties.swift in Sources */ = {isa = PBXBuildFile; fileRef = 7879F5C729224AF7008C87FA /* ReviewDB+CoreDataProperties.swift */; };
		787A9F722911022800698789 /* EditReviewController.swift in Sources */ = {isa = PBXBuildFile; fileRef = 787A9F712911022800698789 /* EditReviewController.swift */; };
		788963AB29364E5A007E4041 /* UIImage+Ext.swift in Sources */ = {isa = PBXBuildFile; fileRef = 788963AA29364E5A007E4041 /* UIImage+Ext.swift */; };
		7889EE5C28EEF91200721A9C /* CoreDataManager.swift in Sources */ = {isa = PBXBuildFile; fileRef = 7889EE5B28EEF91200721A9C /* CoreDataManager.swift */; };
		789AB6A52930CA3500B80B68 /* DataSourceDelegate.swift in Sources */ = {isa = PBXBuildFile; fileRef = 789AB6A42930CA3500B80B68 /* DataSourceDelegate.swift */; };
		789AB6A9293101B400B80B68 /* ImageDataManager.swift in Sources */ = {isa = PBXBuildFile; fileRef = 789AB6A8293101B400B80B68 /* ImageDataManager.swift */; };
		78B9B2192906ABAA007A16F6 /* ReviewTableViewCell.xib in Resources */ = {isa = PBXBuildFile; fileRef = 78B9B2182906ABAA007A16F6 /* ReviewTableViewCell.xib */; };
		78B9B21D2906BB05007A16F6 /* ReviewTableViewCell.swift in Sources */ = {isa = PBXBuildFile; fileRef = 78B9B21C2906BB05007A16F6 /* ReviewTableViewCell.swift */; };
		78CA6E1A2906837900559029 /* Review.swift in Sources */ = {isa = PBXBuildFile; fileRef = 78CA6E192906837900559029 /* Review.swift */; };
		78D2EA5128F44D5300ABF4D7 /* GoogleService-Info.plist in Resources */ = {isa = PBXBuildFile; fileRef = 78D2EA5028F44D5200ABF4D7 /* GoogleService-Info.plist */; };
		78D2EA5428F4509600ABF4D7 /* FirebaseAuth in Frameworks */ = {isa = PBXBuildFile; productRef = 78D2EA5328F4509600ABF4D7 /* FirebaseAuth */; };
/* End PBXBuildFile section */

/* Begin PBXFileReference section */
		7841E6FE29192C1200BF15C9 /* AuthService.swift */ = {isa = PBXFileReference; lastKnownFileType = sourcecode.swift; path = AuthService.swift; sourceTree = "<group>"; };
		7841E70029192F1D00BF15C9 /* EditReviewPresenter.swift */ = {isa = PBXFileReference; lastKnownFileType = sourcecode.swift; path = EditReviewPresenter.swift; sourceTree = "<group>"; };
		7841E70229192FB800BF15C9 /* EditReviewOutput.swift */ = {isa = PBXFileReference; lastKnownFileType = sourcecode.swift; path = EditReviewOutput.swift; sourceTree = "<group>"; };
		7841E70429192FE700BF15C9 /* EditReviewInput.swift */ = {isa = PBXFileReference; lastKnownFileType = sourcecode.swift; path = EditReviewInput.swift; sourceTree = "<group>"; };
		784D36F329029DD90001AC14 /* ViewListReviews.xib */ = {isa = PBXFileReference; lastKnownFileType = file.xib; path = ViewListReviews.xib; sourceTree = "<group>"; };
		7873B03228F85155003C9673 /* String+Ext.swift */ = {isa = PBXFileReference; lastKnownFileType = sourcecode.swift; path = "String+Ext.swift"; sourceTree = "<group>"; };
		787452D128EEE8F600356591 /* Review App.app */ = {isa = PBXFileReference; explicitFileType = wrapper.application; includeInIndex = 0; path = "Review App.app"; sourceTree = BUILT_PRODUCTS_DIR; };
		787452D428EEE8F600356591 /* AppDelegate.swift */ = {isa = PBXFileReference; lastKnownFileType = sourcecode.swift; path = AppDelegate.swift; sourceTree = "<group>"; };
		787452D628EEE8F600356591 /* SceneDelegate.swift */ = {isa = PBXFileReference; lastKnownFileType = sourcecode.swift; path = SceneDelegate.swift; sourceTree = "<group>"; };
		787452D828EEE8F600356591 /* AuthViewController.swift */ = {isa = PBXFileReference; lastKnownFileType = sourcecode.swift; path = AuthViewController.swift; sourceTree = "<group>"; };
		787452DB28EEE8F600356591 /* Base */ = {isa = PBXFileReference; lastKnownFileType = file.storyboard; name = Base; path = Base.lproj/Auth.storyboard; sourceTree = "<group>"; };
		787452DD28EEE8F800356591 /* Assets.xcassets */ = {isa = PBXFileReference; lastKnownFileType = folder.assetcatalog; path = Assets.xcassets; sourceTree = "<group>"; };
		787452E028EEE8F800356591 /* Base */ = {isa = PBXFileReference; lastKnownFileType = file.storyboard; name = Base; path = Base.lproj/LaunchScreen.storyboard; sourceTree = "<group>"; };
		787452E228EEE8F800356591 /* Info.plist */ = {isa = PBXFileReference; lastKnownFileType = text.plist.xml; path = Info.plist; sourceTree = "<group>"; };
		78754FAA28F5A3110031D2EF /* AuthViewPresenter.swift */ = {isa = PBXFileReference; lastKnownFileType = sourcecode.swift; path = AuthViewPresenter.swift; sourceTree = "<group>"; };
		78754FAE28F5A4220031D2EF /* AuthViewInput.swift */ = {isa = PBXFileReference; lastKnownFileType = sourcecode.swift; path = AuthViewInput.swift; sourceTree = "<group>"; };
		78754FB028F5A4410031D2EF /* AuthViewOutput.swift */ = {isa = PBXFileReference; lastKnownFileType = sourcecode.swift; path = AuthViewOutput.swift; sourceTree = "<group>"; };
		7875DE9F290667D300847920 /* ListReviewsPresenter.swift */ = {isa = PBXFileReference; lastKnownFileType = sourcecode.swift; path = ListReviewsPresenter.swift; sourceTree = "<group>"; };
		7875DEA12906685A00847920 /* ListReviewsInput.swift */ = {isa = PBXFileReference; lastKnownFileType = sourcecode.swift; path = ListReviewsInput.swift; sourceTree = "<group>"; };
		7875DEA32906687000847920 /* ListReviewsOutput.swift */ = {isa = PBXFileReference; lastKnownFileType = sourcecode.swift; path = ListReviewsOutput.swift; sourceTree = "<group>"; };
		7877D8EF29014CFE004BACDA /* User.swift */ = {isa = PBXFileReference; lastKnownFileType = sourcecode.swift; path = User.swift; sourceTree = "<group>"; };
		787914022902749C00784F35 /* ListReviewsController.swift */ = {isa = PBXFileReference; lastKnownFileType = sourcecode.swift; path = ListReviewsController.swift; sourceTree = "<group>"; };
		7879F57029221846008C87FA /* CoreData.framework */ = {isa = PBXFileReference; lastKnownFileType = wrapper.framework; name = CoreData.framework; path = System/Library/Frameworks/CoreData.framework; sourceTree = SDKROOT; };
		7879F5AC29223EFA008C87FA /* ReviewDB.xcdatamodel */ = {isa = PBXFileReference; lastKnownFileType = wrapper.xcdatamodel; path = ReviewDB.xcdatamodel; sourceTree = "<group>"; };
		7879F5C629224AF7008C87FA /* ReviewDB+CoreDataClass.swift */ = {isa = PBXFileReference; lastKnownFileType = sourcecode.swift; path = "ReviewDB+CoreDataClass.swift"; sourceTree = "<group>"; };
		7879F5C729224AF7008C87FA /* ReviewDB+CoreDataProperties.swift */ = {isa = PBXFileReference; lastKnownFileType = sourcecode.swift; path = "ReviewDB+CoreDataProperties.swift"; sourceTree = "<group>"; };
		787A9F712911022800698789 /* EditReviewController.swift */ = {isa = PBXFileReference; lastKnownFileType = sourcecode.swift; path = EditReviewController.swift; sourceTree = "<group>"; };
		788963AA29364E5A007E4041 /* UIImage+Ext.swift */ = {isa = PBXFileReference; lastKnownFileType = sourcecode.swift; path = "UIImage+Ext.swift"; sourceTree = "<group>"; };
		7889EE5B28EEF91200721A9C /* CoreDataManager.swift */ = {isa = PBXFileReference; lastKnownFileType = sourcecode.swift; path = CoreDataManager.swift; sourceTree = "<group>"; };
		789AB6A42930CA3500B80B68 /* DataSourceDelegate.swift */ = {isa = PBXFileReference; lastKnownFileType = sourcecode.swift; path = DataSourceDelegate.swift; sourceTree = "<group>"; };
		789AB6A8293101B400B80B68 /* ImageDataManager.swift */ = {isa = PBXFileReference; lastKnownFileType = sourcecode.swift; path = ImageDataManager.swift; sourceTree = "<group>"; };
		78B9B2182906ABAA007A16F6 /* ReviewTableViewCell.xib */ = {isa = PBXFileReference; lastKnownFileType = file.xib; path = ReviewTableViewCell.xib; sourceTree = "<group>"; };
		78B9B21C2906BB05007A16F6 /* ReviewTableViewCell.swift */ = {isa = PBXFileReference; lastKnownFileType = sourcecode.swift; path = ReviewTableViewCell.swift; sourceTree = "<group>"; };
		78CA6E192906837900559029 /* Review.swift */ = {isa = PBXFileReference; lastKnownFileType = sourcecode.swift; path = Review.swift; sourceTree = "<group>"; };
		78D2EA5028F44D5200ABF4D7 /* GoogleService-Info.plist */ = {isa = PBXFileReference; fileEncoding = 4; lastKnownFileType = text.plist.xml; path = "GoogleService-Info.plist"; sourceTree = "<group>"; };
/* End PBXFileReference section */

/* Begin PBXFrameworksBuildPhase section */
		787452CE28EEE8F600356591 /* Frameworks */ = {
			isa = PBXFrameworksBuildPhase;
			buildActionMask = 2147483647;
			files = (
				7879F57129221846008C87FA /* CoreData.framework in Frameworks */,
				78D2EA5428F4509600ABF4D7 /* FirebaseAuth in Frameworks */,
			);
			runOnlyForDeploymentPostprocessing = 0;
		};
/* End PBXFrameworksBuildPhase section */

/* Begin PBXGroup section */
		7872354E28F3F2F400A0F644 /* Auth */ = {
			isa = PBXGroup;
			children = (
				7873B03028F7E8E2003C9673 /* Presenter */,
				7873B03128F7E8F1003C9673 /* View */,
			);
			path = Auth;
			sourceTree = "<group>";
		};
		78736DA529002ABA00A9849F /* List Reviews */ = {
			isa = PBXGroup;
			children = (
				7879140929028FC700784F35 /* Presenter */,
				7879140829028FBA00784F35 /* View */,
			);
			path = "List Reviews";
			sourceTree = "<group>";
		};
		7873B03028F7E8E2003C9673 /* Presenter */ = {
			isa = PBXGroup;
			children = (
				78754FAA28F5A3110031D2EF /* AuthViewPresenter.swift */,
			);
			path = Presenter;
			sourceTree = "<group>";
		};
		7873B03128F7E8F1003C9673 /* View */ = {
			isa = PBXGroup;
			children = (
				787452D828EEE8F600356591 /* AuthViewController.swift */,
				78754FAE28F5A4220031D2EF /* AuthViewInput.swift */,
				78754FB028F5A4410031D2EF /* AuthViewOutput.swift */,
				787452DA28EEE8F600356591 /* Auth.storyboard */,
			);
			path = View;
			sourceTree = "<group>";
		};
		787452C828EEE8F600356591 = {
			isa = PBXGroup;
			children = (
				787452D328EEE8F600356591 /* Review App */,
				787452D228EEE8F600356591 /* Products */,
				7879F56F29221846008C87FA /* Frameworks */,
			);
			sourceTree = "<group>";
		};
		787452D228EEE8F600356591 /* Products */ = {
			isa = PBXGroup;
			children = (
				787452D128EEE8F600356591 /* Review App.app */,
			);
			name = Products;
			sourceTree = "<group>";
		};
		787452D328EEE8F600356591 /* Review App */ = {
			isa = PBXGroup;
			children = (
				7889EE6128EEFB8F00721A9C /* App */,
				7889EE4928EEF5A400721A9C /* Models */,
				7879F5A629223709008C87FA /* Entity */,
				7889EE4A28EEF5B200721A9C /* Presentation */,
				7889EE4B28EEF5D900721A9C /* Business Logic */,
				7889EE4C28EEF5ED00721A9C /* Utils */,
				7889EE4D28EEF5F900721A9C /* Resources */,
			);
			path = "Review App";
			sourceTree = "<group>";
		};
		7879140829028FBA00784F35 /* View */ = {
			isa = PBXGroup;
			children = (
				787914022902749C00784F35 /* ListReviewsController.swift */,
				7875DEA12906685A00847920 /* ListReviewsInput.swift */,
				7875DEA32906687000847920 /* ListReviewsOutput.swift */,
				789AB6A42930CA3500B80B68 /* DataSourceDelegate.swift */,
				784D36F329029DD90001AC14 /* ViewListReviews.xib */,
				78B9B21C2906BB05007A16F6 /* ReviewTableViewCell.swift */,
				78B9B2182906ABAA007A16F6 /* ReviewTableViewCell.xib */,
			);
			path = View;
			sourceTree = "<group>";
		};
		7879140929028FC700784F35 /* Presenter */ = {
			isa = PBXGroup;
			children = (
				7875DE9F290667D300847920 /* ListReviewsPresenter.swift */,
			);
			path = Presenter;
			sourceTree = "<group>";
		};
		7879F56F29221846008C87FA /* Frameworks */ = {
			isa = PBXGroup;
			children = (
				7879F57029221846008C87FA /* CoreData.framework */,
			);
			name = Frameworks;
			sourceTree = "<group>";
		};
		7879F5A629223709008C87FA /* Entity */ = {
			isa = PBXGroup;
			children = (
				7879F5C629224AF7008C87FA /* ReviewDB+CoreDataClass.swift */,
				7879F5C729224AF7008C87FA /* ReviewDB+CoreDataProperties.swift */,
			);
			path = Entity;
			sourceTree = "<group>";
		};
		787A9F6E2910FC6100698789 /* Edit review */ = {
			isa = PBXGroup;
			children = (
				787A9F702910FCBB00698789 /* Presenter */,
				787A9F6F2910FCB200698789 /* View */,
			);
			path = "Edit review";
			sourceTree = "<group>";
		};
		787A9F6F2910FCB200698789 /* View */ = {
			isa = PBXGroup;
			children = (
				787A9F712911022800698789 /* EditReviewController.swift */,
				7841E70429192FE700BF15C9 /* EditReviewInput.swift */,
				7841E70229192FB800BF15C9 /* EditReviewOutput.swift */,
			);
			path = View;
			sourceTree = "<group>";
		};
		787A9F702910FCBB00698789 /* Presenter */ = {
			isa = PBXGroup;
			children = (
				7841E70029192F1D00BF15C9 /* EditReviewPresenter.swift */,
			);
			path = Presenter;
			sourceTree = "<group>";
		};
		7889EE4928EEF5A400721A9C /* Models */ = {
			isa = PBXGroup;
			children = (
				7877D8EF29014CFE004BACDA /* User.swift */,
				78CA6E192906837900559029 /* Review.swift */,
			);
			path = Models;
			sourceTree = "<group>";
		};
		7889EE4A28EEF5B200721A9C /* Presentation */ = {
			isa = PBXGroup;
			children = (
				7889EE4E28EEF6C600721A9C /* Scenes */,
			);
			path = Presentation;
			sourceTree = "<group>";
		};
		7889EE4B28EEF5D900721A9C /* Business Logic */ = {
			isa = PBXGroup;
			children = (
				7889EE5028EEF70200721A9C /* Database */,
				7889EE5128EEF71200721A9C /* Network */,
				7889EE5228EEF72600721A9C /* Services */,
			);
			path = "Business Logic";
			sourceTree = "<group>";
		};
		7889EE4C28EEF5ED00721A9C /* Utils */ = {
			isa = PBXGroup;
			children = (
				789AB6A8293101B400B80B68 /* ImageDataManager.swift */,
				7889EE5328EEF73B00721A9C /* Extensions */,
				7889EE5428EEF75100721A9C /* Constants */,
			);
			path = Utils;
			sourceTree = "<group>";
		};
		7889EE4D28EEF5F900721A9C /* Resources */ = {
			isa = PBXGroup;
			children = (
				78D2EA5028F44D5200ABF4D7 /* GoogleService-Info.plist */,
				787452DD28EEE8F800356591 /* Assets.xcassets */,
				787452DF28EEE8F800356591 /* LaunchScreen.storyboard */,
				787452E228EEE8F800356591 /* Info.plist */,
			);
			path = Resources;
			sourceTree = "<group>";
		};
		7889EE4E28EEF6C600721A9C /* Scenes */ = {
			isa = PBXGroup;
			children = (
				7872354E28F3F2F400A0F644 /* Auth */,
				78736DA529002ABA00A9849F /* List Reviews */,
				787A9F6E2910FC6100698789 /* Edit review */,
			);
			path = Scenes;
			sourceTree = "<group>";
		};
		7889EE5028EEF70200721A9C /* Database */ = {
			isa = PBXGroup;
			children = (
				7889EE5B28EEF91200721A9C /* CoreDataManager.swift */,
				7879F5AB29223EFA008C87FA /* ReviewDB.xcdatamodeld */,
			);
			path = Database;
			sourceTree = "<group>";
		};
		7889EE5128EEF71200721A9C /* Network */ = {
			isa = PBXGroup;
			children = (
			);
			path = Network;
			sourceTree = "<group>";
		};
		7889EE5228EEF72600721A9C /* Services */ = {
			isa = PBXGroup;
			children = (
				7841E6FE29192C1200BF15C9 /* AuthService.swift */,
			);
			path = Services;
			sourceTree = "<group>";
		};
		7889EE5328EEF73B00721A9C /* Extensions */ = {
			isa = PBXGroup;
			children = (
				7873B03228F85155003C9673 /* String+Ext.swift */,
				788963AA29364E5A007E4041 /* UIImage+Ext.swift */,
			);
			path = Extensions;
			sourceTree = "<group>";
		};
		7889EE5428EEF75100721A9C /* Constants */ = {
			isa = PBXGroup;
			children = (
			);
			path = Constants;
			sourceTree = "<group>";
		};
		7889EE6128EEFB8F00721A9C /* App */ = {
			isa = PBXGroup;
			children = (
				787452D428EEE8F600356591 /* AppDelegate.swift */,
				787452D628EEE8F600356591 /* SceneDelegate.swift */,
			);
			path = App;
			sourceTree = "<group>";
		};
/* End PBXGroup section */

/* Begin PBXNativeTarget section */
		787452D028EEE8F600356591 /* Review App */ = {
			isa = PBXNativeTarget;
			buildConfigurationList = 787452E528EEE8F800356591 /* Build configuration list for PBXNativeTarget "Review App" */;
			buildPhases = (
				787452CD28EEE8F600356591 /* Sources */,
				787452CE28EEE8F600356591 /* Frameworks */,
				787452CF28EEE8F600356591 /* Resources */,
			);
			buildRules = (
			);
			dependencies = (
			);
			name = "Review App";
			packageProductDependencies = (
				78D2EA5328F4509600ABF4D7 /* FirebaseAuth */,
			);
			productName = "Review App";
			productReference = 787452D128EEE8F600356591 /* Review App.app */;
			productType = "com.apple.product-type.application";
		};
/* End PBXNativeTarget section */

/* Begin PBXProject section */
		787452C928EEE8F600356591 /* Project object */ = {
			isa = PBXProject;
			attributes = {
				BuildIndependentTargetsInParallel = 1;
				LastSwiftUpdateCheck = 1400;
				LastUpgradeCheck = 1400;
				TargetAttributes = {
					787452D028EEE8F600356591 = {
						CreatedOnToolsVersion = 14.0;
					};
				};
			};
			buildConfigurationList = 787452CC28EEE8F600356591 /* Build configuration list for PBXProject "Review App" */;
			compatibilityVersion = "Xcode 14.0";
			developmentRegion = en;
			hasScannedForEncodings = 0;
			knownRegions = (
				en,
				Base,
			);
			mainGroup = 787452C828EEE8F600356591;
			packageReferences = (
				78D2EA5228F4509600ABF4D7 /* XCRemoteSwiftPackageReference "firebase-ios-sdk" */,
			);
			productRefGroup = 787452D228EEE8F600356591 /* Products */;
			projectDirPath = "";
			projectRoot = "";
			targets = (
				787452D028EEE8F600356591 /* Review App */,
			);
		};
/* End PBXProject section */

/* Begin PBXResourcesBuildPhase section */
		787452CF28EEE8F600356591 /* Resources */ = {
			isa = PBXResourcesBuildPhase;
			buildActionMask = 2147483647;
			files = (
				787452E128EEE8F800356591 /* LaunchScreen.storyboard in Resources */,
				787452DE28EEE8F800356591 /* Assets.xcassets in Resources */,
				78D2EA5128F44D5300ABF4D7 /* GoogleService-Info.plist in Resources */,
				787452DC28EEE8F600356591 /* Auth.storyboard in Resources */,
				78B9B2192906ABAA007A16F6 /* ReviewTableViewCell.xib in Resources */,
				784D36F429029DD90001AC14 /* ViewListReviews.xib in Resources */,
			);
			runOnlyForDeploymentPostprocessing = 0;
		};
/* End PBXResourcesBuildPhase section */

/* Begin PBXSourcesBuildPhase section */
		787452CD28EEE8F600356591 /* Sources */ = {
			isa = PBXSourcesBuildPhase;
			buildActionMask = 2147483647;
			files = (
				787452D928EEE8F600356591 /* AuthViewController.swift in Sources */,
				789AB6A52930CA3500B80B68 /* DataSourceDelegate.swift in Sources */,
				787914032902749C00784F35 /* ListReviewsController.swift in Sources */,
				7841E6FF29192C1200BF15C9 /* AuthService.swift in Sources */,
				7841E70529192FE700BF15C9 /* EditReviewInput.swift in Sources */,
				78B9B21D2906BB05007A16F6 /* ReviewTableViewCell.swift in Sources */,
				78754FB128F5A4410031D2EF /* AuthViewOutput.swift in Sources */,
				78754FAB28F5A3110031D2EF /* AuthViewPresenter.swift in Sources */,
				7879F5C829224AF7008C87FA /* ReviewDB+CoreDataClass.swift in Sources */,
				7841E70129192F1D00BF15C9 /* EditReviewPresenter.swift in Sources */,
				787452D528EEE8F600356591 /* AppDelegate.swift in Sources */,
				787A9F722911022800698789 /* EditReviewController.swift in Sources */,
				7889EE5C28EEF91200721A9C /* CoreDataManager.swift in Sources */,
				7875DEA42906687000847920 /* ListReviewsOutput.swift in Sources */,
				78754FAF28F5A4220031D2EF /* AuthViewInput.swift in Sources */,
				7875DEA0290667D300847920 /* ListReviewsPresenter.swift in Sources */,
				7841E70329192FB800BF15C9 /* EditReviewOutput.swift in Sources */,
				7873B03328F85155003C9673 /* String+Ext.swift in Sources */,
				78CA6E1A2906837900559029 /* Review.swift in Sources */,
				788963AB29364E5A007E4041 /* UIImage+Ext.swift in Sources */,
				787452D728EEE8F600356591 /* SceneDelegate.swift in Sources */,
				7877D8F029014CFE004BACDA /* User.swift in Sources */,
				789AB6A9293101B400B80B68 /* ImageDataManager.swift in Sources */,
				7879F5C929224AF7008C87FA /* ReviewDB+CoreDataProperties.swift in Sources */,
				7875DEA22906685A00847920 /* ListReviewsInput.swift in Sources */,
				7879F5AD29223EFA008C87FA /* ReviewDB.xcdatamodeld in Sources */,
			);
			runOnlyForDeploymentPostprocessing = 0;
		};
/* End PBXSourcesBuildPhase section */

/* Begin PBXVariantGroup section */
		787452DA28EEE8F600356591 /* Auth.storyboard */ = {
			isa = PBXVariantGroup;
			children = (
				787452DB28EEE8F600356591 /* Base */,
			);
			name = Auth.storyboard;
			sourceTree = "<group>";
		};
		787452DF28EEE8F800356591 /* LaunchScreen.storyboard */ = {
			isa = PBXVariantGroup;
			children = (
				787452E028EEE8F800356591 /* Base */,
			);
			name = LaunchScreen.storyboard;
			sourceTree = "<group>";
		};
/* End PBXVariantGroup section */

/* Begin XCBuildConfiguration section */
		787452E328EEE8F800356591 /* Debug */ = {
			isa = XCBuildConfiguration;
			buildSettings = {
				ALWAYS_SEARCH_USER_PATHS = NO;
				CLANG_ANALYZER_NONNULL = YES;
				CLANG_ANALYZER_NUMBER_OBJECT_CONVERSION = YES_AGGRESSIVE;
				CLANG_CXX_LANGUAGE_STANDARD = "gnu++20";
				CLANG_ENABLE_MODULES = YES;
				CLANG_ENABLE_OBJC_ARC = YES;
				CLANG_ENABLE_OBJC_WEAK = YES;
				CLANG_WARN_BLOCK_CAPTURE_AUTORELEASING = YES;
				CLANG_WARN_BOOL_CONVERSION = YES;
				CLANG_WARN_COMMA = YES;
				CLANG_WARN_CONSTANT_CONVERSION = YES;
				CLANG_WARN_DEPRECATED_OBJC_IMPLEMENTATIONS = YES;
				CLANG_WARN_DIRECT_OBJC_ISA_USAGE = YES_ERROR;
				CLANG_WARN_DOCUMENTATION_COMMENTS = YES;
				CLANG_WARN_EMPTY_BODY = YES;
				CLANG_WARN_ENUM_CONVERSION = YES;
				CLANG_WARN_INFINITE_RECURSION = YES;
				CLANG_WARN_INT_CONVERSION = YES;
				CLANG_WARN_NON_LITERAL_NULL_CONVERSION = YES;
				CLANG_WARN_OBJC_IMPLICIT_RETAIN_SELF = YES;
				CLANG_WARN_OBJC_LITERAL_CONVERSION = YES;
				CLANG_WARN_OBJC_ROOT_CLASS = YES_ERROR;
				CLANG_WARN_QUOTED_INCLUDE_IN_FRAMEWORK_HEADER = YES;
				CLANG_WARN_RANGE_LOOP_ANALYSIS = YES;
				CLANG_WARN_STRICT_PROTOTYPES = YES;
				CLANG_WARN_SUSPICIOUS_MOVE = YES;
				CLANG_WARN_UNGUARDED_AVAILABILITY = YES_AGGRESSIVE;
				CLANG_WARN_UNREACHABLE_CODE = YES;
				CLANG_WARN__DUPLICATE_METHOD_MATCH = YES;
				COPY_PHASE_STRIP = NO;
				DEBUG_INFORMATION_FORMAT = dwarf;
				ENABLE_STRICT_OBJC_MSGSEND = YES;
				ENABLE_TESTABILITY = YES;
				GCC_C_LANGUAGE_STANDARD = gnu11;
				GCC_DYNAMIC_NO_PIC = NO;
				GCC_NO_COMMON_BLOCKS = YES;
				GCC_OPTIMIZATION_LEVEL = 0;
				GCC_PREPROCESSOR_DEFINITIONS = (
					"DEBUG=1",
					"$(inherited)",
				);
				GCC_WARN_64_TO_32_BIT_CONVERSION = YES;
				GCC_WARN_ABOUT_RETURN_TYPE = YES_ERROR;
				GCC_WARN_UNDECLARED_SELECTOR = YES;
				GCC_WARN_UNINITIALIZED_AUTOS = YES_AGGRESSIVE;
				GCC_WARN_UNUSED_FUNCTION = YES;
				GCC_WARN_UNUSED_VARIABLE = YES;
				IPHONEOS_DEPLOYMENT_TARGET = 13.0;
				MTL_ENABLE_DEBUG_INFO = INCLUDE_SOURCE;
				MTL_FAST_MATH = YES;
				ONLY_ACTIVE_ARCH = YES;
				SDKROOT = iphoneos;
				SWIFT_ACTIVE_COMPILATION_CONDITIONS = DEBUG;
				SWIFT_OPTIMIZATION_LEVEL = "-Onone";
			};
			name = Debug;
		};
		787452E428EEE8F800356591 /* Release */ = {
			isa = XCBuildConfiguration;
			buildSettings = {
				ALWAYS_SEARCH_USER_PATHS = NO;
				CLANG_ANALYZER_NONNULL = YES;
				CLANG_ANALYZER_NUMBER_OBJECT_CONVERSION = YES_AGGRESSIVE;
				CLANG_CXX_LANGUAGE_STANDARD = "gnu++20";
				CLANG_ENABLE_MODULES = YES;
				CLANG_ENABLE_OBJC_ARC = YES;
				CLANG_ENABLE_OBJC_WEAK = YES;
				CLANG_WARN_BLOCK_CAPTURE_AUTORELEASING = YES;
				CLANG_WARN_BOOL_CONVERSION = YES;
				CLANG_WARN_COMMA = YES;
				CLANG_WARN_CONSTANT_CONVERSION = YES;
				CLANG_WARN_DEPRECATED_OBJC_IMPLEMENTATIONS = YES;
				CLANG_WARN_DIRECT_OBJC_ISA_USAGE = YES_ERROR;
				CLANG_WARN_DOCUMENTATION_COMMENTS = YES;
				CLANG_WARN_EMPTY_BODY = YES;
				CLANG_WARN_ENUM_CONVERSION = YES;
				CLANG_WARN_INFINITE_RECURSION = YES;
				CLANG_WARN_INT_CONVERSION = YES;
				CLANG_WARN_NON_LITERAL_NULL_CONVERSION = YES;
				CLANG_WARN_OBJC_IMPLICIT_RETAIN_SELF = YES;
				CLANG_WARN_OBJC_LITERAL_CONVERSION = YES;
				CLANG_WARN_OBJC_ROOT_CLASS = YES_ERROR;
				CLANG_WARN_QUOTED_INCLUDE_IN_FRAMEWORK_HEADER = YES;
				CLANG_WARN_RANGE_LOOP_ANALYSIS = YES;
				CLANG_WARN_STRICT_PROTOTYPES = YES;
				CLANG_WARN_SUSPICIOUS_MOVE = YES;
				CLANG_WARN_UNGUARDED_AVAILABILITY = YES_AGGRESSIVE;
				CLANG_WARN_UNREACHABLE_CODE = YES;
				CLANG_WARN__DUPLICATE_METHOD_MATCH = YES;
				COPY_PHASE_STRIP = NO;
				DEBUG_INFORMATION_FORMAT = "dwarf-with-dsym";
				ENABLE_NS_ASSERTIONS = NO;
				ENABLE_STRICT_OBJC_MSGSEND = YES;
				GCC_C_LANGUAGE_STANDARD = gnu11;
				GCC_NO_COMMON_BLOCKS = YES;
				GCC_WARN_64_TO_32_BIT_CONVERSION = YES;
				GCC_WARN_ABOUT_RETURN_TYPE = YES_ERROR;
				GCC_WARN_UNDECLARED_SELECTOR = YES;
				GCC_WARN_UNINITIALIZED_AUTOS = YES_AGGRESSIVE;
				GCC_WARN_UNUSED_FUNCTION = YES;
				GCC_WARN_UNUSED_VARIABLE = YES;
				IPHONEOS_DEPLOYMENT_TARGET = 13.0;
				MTL_ENABLE_DEBUG_INFO = NO;
				MTL_FAST_MATH = YES;
				SDKROOT = iphoneos;
				SWIFT_COMPILATION_MODE = wholemodule;
				SWIFT_OPTIMIZATION_LEVEL = "-O";
				VALIDATE_PRODUCT = YES;
			};
			name = Release;
		};
		787452E628EEE8F800356591 /* Debug */ = {
			isa = XCBuildConfiguration;
			buildSettings = {
				ASSETCATALOG_COMPILER_APPICON_NAME = AppIcon;
				ASSETCATALOG_COMPILER_GLOBAL_ACCENT_COLOR_NAME = AccentColor;
				CODE_SIGN_STYLE = Automatic;
				CURRENT_PROJECT_VERSION = 1;
				GENERATE_INFOPLIST_FILE = YES;
				INFOPLIST_FILE = "Review App/Resources/Info.plist";
				INFOPLIST_KEY_NSPhotoLibraryUsageDescription = "Please allow acces.";
				INFOPLIST_KEY_UIApplicationSupportsIndirectInputEvents = YES;
				INFOPLIST_KEY_UILaunchStoryboardName = LaunchScreen;
				INFOPLIST_KEY_UIStatusBarStyle = "";
				INFOPLIST_KEY_UISupportedInterfaceOrientations_iPad = "UIInterfaceOrientationPortrait UIInterfaceOrientationPortraitUpsideDown UIInterfaceOrientationLandscapeLeft UIInterfaceOrientationLandscapeRight";
				INFOPLIST_KEY_UISupportedInterfaceOrientations_iPhone = "UIInterfaceOrientationPortrait UIInterfaceOrientationLandscapeLeft UIInterfaceOrientationLandscapeRight";
				LD_RUNPATH_SEARCH_PATHS = (
					"$(inherited)",
					"@executable_path/Frameworks",
				);
				MARKETING_VERSION = 1.0;
				PRODUCT_BUNDLE_IDENTIFIER = "com.letmecod.Review-App";
				PRODUCT_NAME = "$(TARGET_NAME)";
				SWIFT_EMIT_LOC_STRINGS = YES;
				SWIFT_VERSION = 5.0;
				TARGETED_DEVICE_FAMILY = "1,2";
			};
			name = Debug;
		};
		787452E728EEE8F800356591 /* Release */ = {
			isa = XCBuildConfiguration;
			buildSettings = {
				ASSETCATALOG_COMPILER_APPICON_NAME = AppIcon;
				ASSETCATALOG_COMPILER_GLOBAL_ACCENT_COLOR_NAME = AccentColor;
				CODE_SIGN_STYLE = Automatic;
				CURRENT_PROJECT_VERSION = 1;
				GENERATE_INFOPLIST_FILE = YES;
				INFOPLIST_FILE = "Review App/Resources/Info.plist";
				INFOPLIST_KEY_NSPhotoLibraryUsageDescription = "Please allow acces.";
				INFOPLIST_KEY_UIApplicationSupportsIndirectInputEvents = YES;
				INFOPLIST_KEY_UILaunchStoryboardName = LaunchScreen;
				INFOPLIST_KEY_UIStatusBarStyle = "";
				INFOPLIST_KEY_UISupportedInterfaceOrientations_iPad = "UIInterfaceOrientationPortrait UIInterfaceOrientationPortraitUpsideDown UIInterfaceOrientationLandscapeLeft UIInterfaceOrientationLandscapeRight";
				INFOPLIST_KEY_UISupportedInterfaceOrientations_iPhone = "UIInterfaceOrientationPortrait UIInterfaceOrientationLandscapeLeft UIInterfaceOrientationLandscapeRight";
				LD_RUNPATH_SEARCH_PATHS = (
					"$(inherited)",
					"@executable_path/Frameworks",
				);
				MARKETING_VERSION = 1.0;
				PRODUCT_BUNDLE_IDENTIFIER = "com.letmecod.Review-App";
				PRODUCT_NAME = "$(TARGET_NAME)";
				SWIFT_EMIT_LOC_STRINGS = YES;
				SWIFT_VERSION = 5.0;
				TARGETED_DEVICE_FAMILY = "1,2";
			};
			name = Release;
		};
/* End XCBuildConfiguration section */

/* Begin XCConfigurationList section */
		787452CC28EEE8F600356591 /* Build configuration list for PBXProject "Review App" */ = {
			isa = XCConfigurationList;
			buildConfigurations = (
				787452E328EEE8F800356591 /* Debug */,
				787452E428EEE8F800356591 /* Release */,
			);
			defaultConfigurationIsVisible = 0;
			defaultConfigurationName = Release;
		};
		787452E528EEE8F800356591 /* Build configuration list for PBXNativeTarget "Review App" */ = {
			isa = XCConfigurationList;
			buildConfigurations = (
				787452E628EEE8F800356591 /* Debug */,
				787452E728EEE8F800356591 /* Release */,
			);
			defaultConfigurationIsVisible = 0;
			defaultConfigurationName = Release;
		};
/* End XCConfigurationList section */

/* Begin XCRemoteSwiftPackageReference section */
		78D2EA5228F4509600ABF4D7 /* XCRemoteSwiftPackageReference "firebase-ios-sdk" */ = {
			isa = XCRemoteSwiftPackageReference;
			repositoryURL = "https://github.com/firebase/firebase-ios-sdk";
			requirement = {
				kind = upToNextMajorVersion;
				minimumVersion = 9.0.0;
			};
		};
/* End XCRemoteSwiftPackageReference section */

/* Begin XCSwiftPackageProductDependency section */
		78D2EA5328F4509600ABF4D7 /* FirebaseAuth */ = {
			isa = XCSwiftPackageProductDependency;
			package = 78D2EA5228F4509600ABF4D7 /* XCRemoteSwiftPackageReference "firebase-ios-sdk" */;
			productName = FirebaseAuth;
		};
/* End XCSwiftPackageProductDependency section */

/* Begin XCVersionGroup section */
		7879F5AB29223EFA008C87FA /* ReviewDB.xcdatamodeld */ = {
			isa = XCVersionGroup;
			children = (
				7879F5AC29223EFA008C87FA /* ReviewDB.xcdatamodel */,
			);
			currentVersion = 7879F5AC29223EFA008C87FA /* ReviewDB.xcdatamodel */;
			path = ReviewDB.xcdatamodeld;
			sourceTree = "<group>";
			versionGroupType = wrapper.xcdatamodel;
		};
/* End XCVersionGroup section */
	};
	rootObject = 787452C928EEE8F600356591 /* Project object */;
}
