// !$*UTF8*$!
{
	archiveVersion = 1;
	classes = {
	};
	objectVersion = 56;
	objects = {

/* Begin PBXBuildFile section */
		787452D528EEE8F600356591 /* AppDelegate.swift in Sources */ = {isa = PBXBuildFile; fileRef = 787452D428EEE8F600356591 /* AppDelegate.swift */; };
		787452D728EEE8F600356591 /* SceneDelegate.swift in Sources */ = {isa = PBXBuildFile; fileRef = 787452D628EEE8F600356591 /* SceneDelegate.swift */; };
		787452D928EEE8F600356591 /* SignInViewController.swift in Sources */ = {isa = PBXBuildFile; fileRef = 787452D828EEE8F600356591 /* SignInViewController.swift */; };
		787452DC28EEE8F600356591 /* Auth.storyboard in Resources */ = {isa = PBXBuildFile; fileRef = 787452DA28EEE8F600356591 /* Auth.storyboard */; };
		787452DE28EEE8F800356591 /* Assets.xcassets in Resources */ = {isa = PBXBuildFile; fileRef = 787452DD28EEE8F800356591 /* Assets.xcassets */; };
		787452E128EEE8F800356591 /* LaunchScreen.storyboard in Resources */ = {isa = PBXBuildFile; fileRef = 787452DF28EEE8F800356591 /* LaunchScreen.storyboard */; };
		787DFA7528F019960082C6D4 /* Main.storyboard in Resources */ = {isa = PBXBuildFile; fileRef = 787DFA7428F019960082C6D4 /* Main.storyboard */; };
		7889EE5C28EEF91200721A9C /* CoreDataManager.swift in Sources */ = {isa = PBXBuildFile; fileRef = 7889EE5B28EEF91200721A9C /* CoreDataManager.swift */; };
		7889EE5E28EEF93E00721A9C /* LoginService.swift in Sources */ = {isa = PBXBuildFile; fileRef = 7889EE5D28EEF93E00721A9C /* LoginService.swift */; };
		7889EE6028EEF95A00721A9C /* ReviewService.swift in Sources */ = {isa = PBXBuildFile; fileRef = 7889EE5F28EEF95A00721A9C /* ReviewService.swift */; };
/* End PBXBuildFile section */

/* Begin PBXFileReference section */
		787452D128EEE8F600356591 /* Review App.app */ = {isa = PBXFileReference; explicitFileType = wrapper.application; includeInIndex = 0; path = "Review App.app"; sourceTree = BUILT_PRODUCTS_DIR; };
		787452D428EEE8F600356591 /* AppDelegate.swift */ = {isa = PBXFileReference; lastKnownFileType = sourcecode.swift; path = AppDelegate.swift; sourceTree = "<group>"; };
		787452D628EEE8F600356591 /* SceneDelegate.swift */ = {isa = PBXFileReference; lastKnownFileType = sourcecode.swift; path = SceneDelegate.swift; sourceTree = "<group>"; };
		787452D828EEE8F600356591 /* SignInViewController.swift */ = {isa = PBXFileReference; lastKnownFileType = sourcecode.swift; path = SignInViewController.swift; sourceTree = "<group>"; };
		787452DB28EEE8F600356591 /* Base */ = {isa = PBXFileReference; lastKnownFileType = file.storyboard; name = Base; path = Base.lproj/Auth.storyboard; sourceTree = "<group>"; };
		787452DD28EEE8F800356591 /* Assets.xcassets */ = {isa = PBXFileReference; lastKnownFileType = folder.assetcatalog; path = Assets.xcassets; sourceTree = "<group>"; };
		787452E028EEE8F800356591 /* Base */ = {isa = PBXFileReference; lastKnownFileType = file.storyboard; name = Base; path = Base.lproj/LaunchScreen.storyboard; sourceTree = "<group>"; };
		787452E228EEE8F800356591 /* Info.plist */ = {isa = PBXFileReference; lastKnownFileType = text.plist.xml; path = Info.plist; sourceTree = "<group>"; };
		787DFA7428F019960082C6D4 /* Main.storyboard */ = {isa = PBXFileReference; lastKnownFileType = file.storyboard; path = Main.storyboard; sourceTree = "<group>"; };
		7889EE5B28EEF91200721A9C /* CoreDataManager.swift */ = {isa = PBXFileReference; lastKnownFileType = sourcecode.swift; path = CoreDataManager.swift; sourceTree = "<group>"; };
		7889EE5D28EEF93E00721A9C /* LoginService.swift */ = {isa = PBXFileReference; lastKnownFileType = sourcecode.swift; path = LoginService.swift; sourceTree = "<group>"; };
		7889EE5F28EEF95A00721A9C /* ReviewService.swift */ = {isa = PBXFileReference; lastKnownFileType = sourcecode.swift; path = ReviewService.swift; sourceTree = "<group>"; };
/* End PBXFileReference section */

/* Begin PBXFrameworksBuildPhase section */
		787452CE28EEE8F600356591 /* Frameworks */ = {
			isa = PBXFrameworksBuildPhase;
			buildActionMask = 2147483647;
			files = (
			);
			runOnlyForDeploymentPostprocessing = 0;
		};
/* End PBXFrameworksBuildPhase section */

/* Begin PBXGroup section */
		787452C828EEE8F600356591 = {
			isa = PBXGroup;
			children = (
				787452D328EEE8F600356591 /* Review App */,
				787452D228EEE8F600356591 /* Products */,
			);
			sourceTree = "<group>";
		};
		787452D228EEE8F600356591 /* Products */ = {
			isa = PBXGroup;
			children = (
				787452D128EEE8F600356591 /* Review App.app */,
			);
			name = Products;
			sourceTree = "<group>";
		};
		787452D328EEE8F600356591 /* Review App */ = {
			isa = PBXGroup;
			children = (
				7889EE6128EEFB8F00721A9C /* App */,
				7889EE4928EEF5A400721A9C /* Models */,
				7889EE4A28EEF5B200721A9C /* Presentation */,
				7889EE4B28EEF5D900721A9C /* Business Logic */,
				7889EE4C28EEF5ED00721A9C /* Utils */,
				7889EE4D28EEF5F900721A9C /* Resources */,
				787452DA28EEE8F600356591 /* Auth.storyboard */,
			);
			path = "Review App";
			sourceTree = "<group>";
		};
		7889EE4928EEF5A400721A9C /* Models */ = {
			isa = PBXGroup;
			children = (
			);
			path = Models;
			sourceTree = "<group>";
		};
		7889EE4A28EEF5B200721A9C /* Presentation */ = {
			isa = PBXGroup;
			children = (
				7889EE4E28EEF6C600721A9C /* Scenes */,
			);
			path = Presentation;
			sourceTree = "<group>";
		};
		7889EE4B28EEF5D900721A9C /* Business Logic */ = {
			isa = PBXGroup;
			children = (
				7889EE5028EEF70200721A9C /* Database */,
				7889EE5128EEF71200721A9C /* Network */,
				7889EE5228EEF72600721A9C /* Services */,
			);
			path = "Business Logic";
			sourceTree = "<group>";
		};
		7889EE4C28EEF5ED00721A9C /* Utils */ = {
			isa = PBXGroup;
			children = (
				7889EE5328EEF73B00721A9C /* Extensions */,
				7889EE5428EEF75100721A9C /* Constants */,
			);
			path = Utils;
			sourceTree = "<group>";
		};
		7889EE4D28EEF5F900721A9C /* Resources */ = {
			isa = PBXGroup;
			children = (
				787452DD28EEE8F800356591 /* Assets.xcassets */,
				787452DF28EEE8F800356591 /* LaunchScreen.storyboard */,
				787452E228EEE8F800356591 /* Info.plist */,
				787DFA7428F019960082C6D4 /* Main.storyboard */,
			);
			path = Resources;
			sourceTree = "<group>";
		};
		7889EE4E28EEF6C600721A9C /* Scenes */ = {
			isa = PBXGroup;
			children = (
				787452D828EEE8F600356591 /* SignInViewController.swift */,
			);
			path = Scenes;
			sourceTree = "<group>";
		};
		7889EE5028EEF70200721A9C /* Database */ = {
			isa = PBXGroup;
			children = (
				7889EE5B28EEF91200721A9C /* CoreDataManager.swift */,
			);
			path = Database;
			sourceTree = "<group>";
		};
		7889EE5128EEF71200721A9C /* Network */ = {
			isa = PBXGroup;
			children = (
			);
			path = Network;
			sourceTree = "<group>";
		};
		7889EE5228EEF72600721A9C /* Services */ = {
			isa = PBXGroup;
			children = (
				7889EE5D28EEF93E00721A9C /* LoginService.swift */,
				7889EE5F28EEF95A00721A9C /* ReviewService.swift */,
			);
			path = Services;
			sourceTree = "<group>";
		};
		7889EE5328EEF73B00721A9C /* Extensions */ = {
			isa = PBXGroup;
			children = (
			);
			path = Extensions;
			sourceTree = "<group>";
		};
		7889EE5428EEF75100721A9C /* Constants */ = {
			isa = PBXGroup;
			children = (
			);
			path = Constants;
			sourceTree = "<group>";
		};
		7889EE6128EEFB8F00721A9C /* App */ = {
			isa = PBXGroup;
			children = (
				787452D428EEE8F600356591 /* AppDelegate.swift */,
				787452D628EEE8F600356591 /* SceneDelegate.swift */,
			);
			path = App;
			sourceTree = "<group>";
		};
/* End PBXGroup section */

/* Begin PBXNativeTarget section */
		787452D028EEE8F600356591 /* Review App */ = {
			isa = PBXNativeTarget;
			buildConfigurationList = 787452E528EEE8F800356591 /* Build configuration list for PBXNativeTarget "Review App" */;
			buildPhases = (
				787452CD28EEE8F600356591 /* Sources */,
				787452CE28EEE8F600356591 /* Frameworks */,
				787452CF28EEE8F600356591 /* Resources */,
			);
			buildRules = (
			);
			dependencies = (
			);
			name = "Review App";
			productName = "Review App";
			productReference = 787452D128EEE8F600356591 /* Review App.app */;
			productType = "com.apple.product-type.application";
		};
/* End PBXNativeTarget section */

/* Begin PBXProject section */
		787452C928EEE8F600356591 /* Project object */ = {
			isa = PBXProject;
			attributes = {
				BuildIndependentTargetsInParallel = 1;
				LastSwiftUpdateCheck = 1400;
				LastUpgradeCheck = 1400;
				TargetAttributes = {
					787452D028EEE8F600356591 = {
						CreatedOnToolsVersion = 14.0;
					};
				};
			};
			buildConfigurationList = 787452CC28EEE8F600356591 /* Build configuration list for PBXProject "Review App" */;
			compatibilityVersion = "Xcode 14.0";
			developmentRegion = en;
			hasScannedForEncodings = 0;
			knownRegions = (
				en,
				Base,
			);
			mainGroup = 787452C828EEE8F600356591;
			productRefGroup = 787452D228EEE8F600356591 /* Products */;
			projectDirPath = "";
			projectRoot = "";
			targets = (
				787452D028EEE8F600356591 /* Review App */,
			);
		};
/* End PBXProject section */

/* Begin PBXResourcesBuildPhase section */
		787452CF28EEE8F600356591 /* Resources */ = {
			isa = PBXResourcesBuildPhase;
			buildActionMask = 2147483647;
			files = (
				787452E128EEE8F800356591 /* LaunchScreen.storyboard in Resources */,
				787452DE28EEE8F800356591 /* Assets.xcassets in Resources */,
				787452DC28EEE8F600356591 /* Auth.storyboard in Resources */,
				787DFA7528F019960082C6D4 /* Main.storyboard in Resources */,
			);
			runOnlyForDeploymentPostprocessing = 0;
		};
/* End PBXResourcesBuildPhase section */

/* Begin PBXSourcesBuildPhase section */
		787452CD28EEE8F600356591 /* Sources */ = {
			isa = PBXSourcesBuildPhase;
			buildActionMask = 2147483647;
			files = (
				787452D928EEE8F600356591 /* SignInViewController.swift in Sources */,
				7889EE6028EEF95A00721A9C /* ReviewService.swift in Sources */,
				787452D528EEE8F600356591 /* AppDelegate.swift in Sources */,
				7889EE5E28EEF93E00721A9C /* LoginService.swift in Sources */,
				7889EE5C28EEF91200721A9C /* CoreDataManager.swift in Sources */,
				787452D728EEE8F600356591 /* SceneDelegate.swift in Sources */,
			);
			runOnlyForDeploymentPostprocessing = 0;
		};
/* End PBXSourcesBuildPhase section */

/* Begin PBXVariantGroup section */
		787452DA28EEE8F600356591 /* Auth.storyboard */ = {
			isa = PBXVariantGroup;
			children = (
				787452DB28EEE8F600356591 /* Base */,
			);
			name = Auth.storyboard;
			sourceTree = "<group>";
		};
		787452DF28EEE8F800356591 /* LaunchScreen.storyboard */ = {
			isa = PBXVariantGroup;
			children = (
				787452E028EEE8F800356591 /* Base */,
			);
			name = LaunchScreen.storyboard;
			sourceTree = "<group>";
		};
/* End PBXVariantGroup section */

/* Begin XCBuildConfiguration section */
		787452E328EEE8F800356591 /* Debug */ = {
			isa = XCBuildConfiguration;
			buildSettings = {
				ALWAYS_SEARCH_USER_PATHS = NO;
				CLANG_ANALYZER_NONNULL = YES;
				CLANG_ANALYZER_NUMBER_OBJECT_CONVERSION = YES_AGGRESSIVE;
				CLANG_CXX_LANGUAGE_STANDARD = "gnu++20";
				CLANG_ENABLE_MODULES = YES;
				CLANG_ENABLE_OBJC_ARC = YES;
				CLANG_ENABLE_OBJC_WEAK = YES;
				CLANG_WARN_BLOCK_CAPTURE_AUTORELEASING = YES;
				CLANG_WARN_BOOL_CONVERSION = YES;
				CLANG_WARN_COMMA = YES;
				CLANG_WARN_CONSTANT_CONVERSION = YES;
				CLANG_WARN_DEPRECATED_OBJC_IMPLEMENTATIONS = YES;
				CLANG_WARN_DIRECT_OBJC_ISA_USAGE = YES_ERROR;
				CLANG_WARN_DOCUMENTATION_COMMENTS = YES;
				CLANG_WARN_EMPTY_BODY = YES;
				CLANG_WARN_ENUM_CONVERSION = YES;
				CLANG_WARN_INFINITE_RECURSION = YES;
				CLANG_WARN_INT_CONVERSION = YES;
				CLANG_WARN_NON_LITERAL_NULL_CONVERSION = YES;
				CLANG_WARN_OBJC_IMPLICIT_RETAIN_SELF = YES;
				CLANG_WARN_OBJC_LITERAL_CONVERSION = YES;
				CLANG_WARN_OBJC_ROOT_CLASS = YES_ERROR;
				CLANG_WARN_QUOTED_INCLUDE_IN_FRAMEWORK_HEADER = YES;
				CLANG_WARN_RANGE_LOOP_ANALYSIS = YES;
				CLANG_WARN_STRICT_PROTOTYPES = YES;
				CLANG_WARN_SUSPICIOUS_MOVE = YES;
				CLANG_WARN_UNGUARDED_AVAILABILITY = YES_AGGRESSIVE;
				CLANG_WARN_UNREACHABLE_CODE = YES;
				CLANG_WARN__DUPLICATE_METHOD_MATCH = YES;
				COPY_PHASE_STRIP = NO;
				DEBUG_INFORMATION_FORMAT = dwarf;
				ENABLE_STRICT_OBJC_MSGSEND = YES;
				ENABLE_TESTABILITY = YES;
				GCC_C_LANGUAGE_STANDARD = gnu11;
				GCC_DYNAMIC_NO_PIC = NO;
				GCC_NO_COMMON_BLOCKS = YES;
				GCC_OPTIMIZATION_LEVEL = 0;
				GCC_PREPROCESSOR_DEFINITIONS = (
					"DEBUG=1",
					"$(inherited)",
				);
				GCC_WARN_64_TO_32_BIT_CONVERSION = YES;
				GCC_WARN_ABOUT_RETURN_TYPE = YES_ERROR;
				GCC_WARN_UNDECLARED_SELECTOR = YES;
				GCC_WARN_UNINITIALIZED_AUTOS = YES_AGGRESSIVE;
				GCC_WARN_UNUSED_FUNCTION = YES;
				GCC_WARN_UNUSED_VARIABLE = YES;
				IPHONEOS_DEPLOYMENT_TARGET = 13.0;
				MTL_ENABLE_DEBUG_INFO = INCLUDE_SOURCE;
				MTL_FAST_MATH = YES;
				ONLY_ACTIVE_ARCH = YES;
				SDKROOT = iphoneos;
				SWIFT_ACTIVE_COMPILATION_CONDITIONS = DEBUG;
				SWIFT_OPTIMIZATION_LEVEL = "-Onone";
			};
			name = Debug;
		};
		787452E428EEE8F800356591 /* Release */ = {
			isa = XCBuildConfiguration;
			buildSettings = {
				ALWAYS_SEARCH_USER_PATHS = NO;
				CLANG_ANALYZER_NONNULL = YES;
				CLANG_ANALYZER_NUMBER_OBJECT_CONVERSION = YES_AGGRESSIVE;
				CLANG_CXX_LANGUAGE_STANDARD = "gnu++20";
				CLANG_ENABLE_MODULES = YES;
				CLANG_ENABLE_OBJC_ARC = YES;
				CLANG_ENABLE_OBJC_WEAK = YES;
				CLANG_WARN_BLOCK_CAPTURE_AUTORELEASING = YES;
				CLANG_WARN_BOOL_CONVERSION = YES;
				CLANG_WARN_COMMA = YES;
				CLANG_WARN_CONSTANT_CONVERSION = YES;
				CLANG_WARN_DEPRECATED_OBJC_IMPLEMENTATIONS = YES;
				CLANG_WARN_DIRECT_OBJC_ISA_USAGE = YES_ERROR;
				CLANG_WARN_DOCUMENTATION_COMMENTS = YES;
				CLANG_WARN_EMPTY_BODY = YES;
				CLANG_WARN_ENUM_CONVERSION = YES;
				CLANG_WARN_INFINITE_RECURSION = YES;
				CLANG_WARN_INT_CONVERSION = YES;
				CLANG_WARN_NON_LITERAL_NULL_CONVERSION = YES;
				CLANG_WARN_OBJC_IMPLICIT_RETAIN_SELF = YES;
				CLANG_WARN_OBJC_LITERAL_CONVERSION = YES;
				CLANG_WARN_OBJC_ROOT_CLASS = YES_ERROR;
				CLANG_WARN_QUOTED_INCLUDE_IN_FRAMEWORK_HEADER = YES;
				CLANG_WARN_RANGE_LOOP_ANALYSIS = YES;
				CLANG_WARN_STRICT_PROTOTYPES = YES;
				CLANG_WARN_SUSPICIOUS_MOVE = YES;
				CLANG_WARN_UNGUARDED_AVAILABILITY = YES_AGGRESSIVE;
				CLANG_WARN_UNREACHABLE_CODE = YES;
				CLANG_WARN__DUPLICATE_METHOD_MATCH = YES;
				COPY_PHASE_STRIP = NO;
				DEBUG_INFORMATION_FORMAT = "dwarf-with-dsym";
				ENABLE_NS_ASSERTIONS = NO;
				ENABLE_STRICT_OBJC_MSGSEND = YES;
				GCC_C_LANGUAGE_STANDARD = gnu11;
				GCC_NO_COMMON_BLOCKS = YES;
				GCC_WARN_64_TO_32_BIT_CONVERSION = YES;
				GCC_WARN_ABOUT_RETURN_TYPE = YES_ERROR;
				GCC_WARN_UNDECLARED_SELECTOR = YES;
				GCC_WARN_UNINITIALIZED_AUTOS = YES_AGGRESSIVE;
				GCC_WARN_UNUSED_FUNCTION = YES;
				GCC_WARN_UNUSED_VARIABLE = YES;
				IPHONEOS_DEPLOYMENT_TARGET = 13.0;
				MTL_ENABLE_DEBUG_INFO = NO;
				MTL_FAST_MATH = YES;
				SDKROOT = iphoneos;
				SWIFT_COMPILATION_MODE = wholemodule;
				SWIFT_OPTIMIZATION_LEVEL = "-O";
				VALIDATE_PRODUCT = YES;
			};
			name = Release;
		};
		787452E628EEE8F800356591 /* Debug */ = {
			isa = XCBuildConfiguration;
			buildSettings = {
				ASSETCATALOG_COMPILER_APPICON_NAME = AppIcon;
				ASSETCATALOG_COMPILER_GLOBAL_ACCENT_COLOR_NAME = AccentColor;
				CODE_SIGN_STYLE = Automatic;
				CURRENT_PROJECT_VERSION = 1;
				GENERATE_INFOPLIST_FILE = YES;
				INFOPLIST_FILE = "Review App/Resources/Info.plist";
				INFOPLIST_KEY_UIApplicationSupportsIndirectInputEvents = YES;
				INFOPLIST_KEY_UILaunchStoryboardName = LaunchScreen;
				INFOPLIST_KEY_UIMainStoryboardFile = Main;
				INFOPLIST_KEY_UIStatusBarStyle = "";
				INFOPLIST_KEY_UISupportedInterfaceOrientations_iPad = "UIInterfaceOrientationPortrait UIInterfaceOrientationPortraitUpsideDown UIInterfaceOrientationLandscapeLeft UIInterfaceOrientationLandscapeRight";
				INFOPLIST_KEY_UISupportedInterfaceOrientations_iPhone = "UIInterfaceOrientationPortrait UIInterfaceOrientationLandscapeLeft UIInterfaceOrientationLandscapeRight";
				LD_RUNPATH_SEARCH_PATHS = (
					"$(inherited)",
					"@executable_path/Frameworks",
				);
				MARKETING_VERSION = 1.0;
				PRODUCT_BUNDLE_IDENTIFIER = "com.letmecod.Review-App";
				PRODUCT_NAME = "$(TARGET_NAME)";
				SWIFT_EMIT_LOC_STRINGS = YES;
				SWIFT_VERSION = 5.0;
				TARGETED_DEVICE_FAMILY = "1,2";
			};
			name = Debug;
		};
		787452E728EEE8F800356591 /* Release */ = {
			isa = XCBuildConfiguration;
			buildSettings = {
				ASSETCATALOG_COMPILER_APPICON_NAME = AppIcon;
				ASSETCATALOG_COMPILER_GLOBAL_ACCENT_COLOR_NAME = AccentColor;
				CODE_SIGN_STYLE = Automatic;
				CURRENT_PROJECT_VERSION = 1;
				GENERATE_INFOPLIST_FILE = YES;
				INFOPLIST_FILE = "Review App/Resources/Info.plist";
				INFOPLIST_KEY_UIApplicationSupportsIndirectInputEvents = YES;
				INFOPLIST_KEY_UILaunchStoryboardName = LaunchScreen;
				INFOPLIST_KEY_UIMainStoryboardFile = Main;
				INFOPLIST_KEY_UIStatusBarStyle = "";
				INFOPLIST_KEY_UISupportedInterfaceOrientations_iPad = "UIInterfaceOrientationPortrait UIInterfaceOrientationPortraitUpsideDown UIInterfaceOrientationLandscapeLeft UIInterfaceOrientationLandscapeRight";
				INFOPLIST_KEY_UISupportedInterfaceOrientations_iPhone = "UIInterfaceOrientationPortrait UIInterfaceOrientationLandscapeLeft UIInterfaceOrientationLandscapeRight";
				LD_RUNPATH_SEARCH_PATHS = (
					"$(inherited)",
					"@executable_path/Frameworks",
				);
				MARKETING_VERSION = 1.0;
				PRODUCT_BUNDLE_IDENTIFIER = "com.letmecod.Review-App";
				PRODUCT_NAME = "$(TARGET_NAME)";
				SWIFT_EMIT_LOC_STRINGS = YES;
				SWIFT_VERSION = 5.0;
				TARGETED_DEVICE_FAMILY = "1,2";
			};
			name = Release;
		};
/* End XCBuildConfiguration section */

/* Begin XCConfigurationList section */
		787452CC28EEE8F600356591 /* Build configuration list for PBXProject "Review App" */ = {
			isa = XCConfigurationList;
			buildConfigurations = (
				787452E328EEE8F800356591 /* Debug */,
				787452E428EEE8F800356591 /* Release */,
			);
			defaultConfigurationIsVisible = 0;
			defaultConfigurationName = Release;
		};
		787452E528EEE8F800356591 /* Build configuration list for PBXNativeTarget "Review App" */ = {
			isa = XCConfigurationList;
			buildConfigurations = (
				787452E628EEE8F800356591 /* Debug */,
				787452E728EEE8F800356591 /* Release */,
			);
			defaultConfigurationIsVisible = 0;
			defaultConfigurationName = Release;
		};
/* End XCConfigurationList section */
	};
	rootObject = 787452C928EEE8F600356591 /* Project object */;
}
